Microsoft Visual Studio Solution File, Format Version 12.00
# Visual Studio Version 17
VisualStudioVersion = 17.5.2.0
MinimumVisualStudioVersion = 10.0.40219.1
Project("{FAE04EC0-301F-11D3-BF4B-00C04F79EFBC}") = "Ricorda", "Ricorda.csproj", "{D00D39FF-9B84-5763-BF66-77BABC8B011C}"
EndProject
Global
	GlobalSection(SolutionConfigurationPlatforms) = preSolution
		Debug|Any CPU = Debug|Any CPU
		Release|Any CPU = Release|Any CPU
	EndGlobalSection
	GlobalSection(ProjectConfigurationPlatforms) = postSolution
		{D00D39FF-9B84-5763-BF66-77BABC8B011C}.Debug|Any CPU.ActiveCfg = Debug|Any CPU
		{D00D39FF-9B84-5763-BF66-77BABC8B011C}.Debug|Any CPU.Build.0 = Debug|Any CPU
		{D00D39FF-9B84-5763-BF66-77BABC8B011C}.Release|Any CPU.ActiveCfg = Release|Any CPU
		{D00D39FF-9B84-5763-BF66-77BABC8B011C}.Release|Any CPU.Build.0 = Release|Any CPU
	EndGlobalSection
	GlobalSection(SolutionProperties) = preSolution
		HideSolutionNode = FALSE
	EndGlobalSection
	GlobalSection(ExtensibilityGlobals) = postSolution
		SolutionGuid = {04BE4EC5-17F3-4C58-A59A-99CBE554763E}
	EndGlobalSection
EndGlobal
